# This file is automatically @generated by Cargo.
# It is not intended for manual editing.
version = 4

[[package]]
name = "anyhow"
version = "1.0.99"
source = "registry+https://github.com/rust-lang/crates.io-index"
checksum = "b0674a1ddeecb70197781e945de4b3b8ffb61fa939a5597bcf48503737663100"

[[package]]
name = "bumpalo"
version = "3.19.0"
source = "registry+https://github.com/rust-lang/crates.io-index"
checksum = "46c5e41b57b8bba42a04676d81cb89e9ee8e859a1a66f80a5a72e1cb76b34d43"

[[package]]
name = "json_viewer"
version = "0.1.0"
dependencies = [
 "anyhow",
 "memchr",
]

[[package]]
name = "lib_cli"
version = "0.1.0"
dependencies = [
 "anyhow",
]

[[package]]
name = "lib_html"
version = "0.1.0"
dependencies = [
 "bumpalo",
]

[[package]]
name = "lib_markdown"
version = "0.1.0"

[[package]]
name = "memchr"
version = "2.7.5"
source = "registry+https://github.com/rust-lang/crates.io-index"
checksum = "32a282da65faaf38286cf3be983213fcf1d2e2a58700e808f83f4ea9a4804bc0"
